# @generated - this file is auto-generated by `mise lock` https://mise.jdx.dev/dev-tools/mise-lock.html

[[tools.cilium-cli]]
version = "0.19.7"
backend = "aqua:cilium/cilium-cli"

[tools.cilium-cli."platforms.linux-arm64"]
checksum = "sha256:9482937f14061fb239f2dbb2f97f4103de1b101f5d5defbff319f294f9bd540f"
url = "https://github.com/cilium/cilium-cli/releases/download/v0.19.7/cilium-linux-arm64.tar.gz"
url_api = "https://api.github.com/repos/cilium/cilium-cli/releases/assets/493187079"

[tools.cilium-cli."platforms.linux-arm64-musl"]
checksum = "sha256:9482937f14061fb239f2dbb2f97f4103de1b101f5d5defbff319f294f9bd540f"
url = "https://github.com/cilium/cilium-cli/releases/download/v0.19.7/cilium-linux-arm64.tar.gz"
url_api = "https://api.github.com/repos/cilium/cilium-cli/releases/assets/493187079"

[tools.cilium-cli."platforms.linux-x64"]
checksum = "sha256:cd15e0983bf0acc7946cd05d453d1e58376ea92dec2642e745212df2b07d8852"
url = "https://github.com/cilium/cilium-cli/releases/download/v0.19.7/cilium-linux-amd64.tar.gz"
url_api = "https://api.github.com/repos/cilium/cilium-cli/releases/assets/493187085"

[tools.cilium-cli."platforms.linux-x64-musl"]
checksum = "sha256:cd15e0983bf0acc7946cd05d453d1e58376ea92dec2642e745212df2b07d8852"
url = "https://github.com/cilium/cilium-cli/releases/download/v0.19.7/cilium-linux-amd64.tar.gz"
url_api = "https://api.github.com/repos/cilium/cilium-cli/releases/assets/493187085"

[tools.cilium-cli."platforms.macos-arm64"]
checksum = "sha256:c9aaa1b033919d47a3dce37bc266f1f1e0bc7a4f87e5288fc80f6061ec58cb3b"
url = "https://github.com/cilium/cilium-cli/releases/download/v0.19.7/cilium-darwin-arm64.tar.gz"
url_api = "https://api.github.com/repos/cilium/cilium-cli/releases/assets/493187083"

[tools.cilium-cli."platforms.macos-x64"]
checksum = "sha256:d45fcdb76535ff5439357f6ef9a5fe99a9acec76c1358dc828ddee6f276943d5"
url = "https://github.com/cilium/cilium-cli/releases/download/v0.19.7/cilium-darwin-amd64.tar.gz"
url_api = "https://api.github.com/repos/cilium/cilium-cli/releases/assets/493187078"

[tools.cilium-cli."platforms.windows-x64"]
checksum = "sha256:332ccafa4ceb0c87caa61ac18b02fe35b9e5b6184ad14e92b95134b6c0fe7fb7"
url = "https://github.com/cilium/cilium-cli/releases/download/v0.19.7/cilium-windows-amd64.zip"
url_api = "https://api.github.com/repos/cilium/cilium-cli/releases/assets/493187077"

[[tools.gh]]
version = "2.97.0"
backend = "aqua:cli/cli"

[tools.gh."platforms.linux-arm64"]
checksum = "sha256:73ea440ecad9c9e284429997ee6f93577bc6f7bc6fba357ef62c53ad8fb641a5"
url = "https://github.com/cli/cli/releases/download/v2.97.0/gh_2.97.0_linux_arm64.tar.gz"
url_api = "https://api.github.com/repos/cli/cli/releases/assets/496108278"
provenance = "github-attestations"

[tools.gh."platforms.linux-arm64-musl"]
checksum = "sha256:73ea440ecad9c9e284429997ee6f93577bc6f7bc6fba357ef62c53ad8fb641a5"
url = "https://github.com/cli/cli/releases/download/v2.97.0/gh_2.97.0_linux_arm64.tar.gz"
url_api = "https://api.github.com/repos/cli/cli/releases/assets/496108278"
provenance = "github-attestations"

[tools.gh."platforms.linux-x64"]
checksum = "sha256:a2c9b8497e1f85b1ad0dfcb78b5a622e098801b8e461e459e88e1ee12f018112"
url = "https://github.com/cli/cli/releases/download/v2.97.0/gh_2.97.0_linux_amd64.tar.gz"
url_api = "https://api.github.com/repos/cli/cli/releases/assets/496108269"
provenance = "github-attestations"

[tools.gh."platforms.linux-x64-musl"]
checksum = "sha256:a2c9b8497e1f85b1ad0dfcb78b5a622e098801b8e461e459e88e1ee12f018112"
url = "https://github.com/cli/cli/releases/download/v2.97.0/gh_2.97.0_linux_amd64.tar.gz"
url_api = "https://api.github.com/repos/cli/cli/releases/assets/496108269"
provenance = "github-attestations"

[tools.gh."platforms.macos-arm64"]
checksum = "sha256:a58b8fd77b417a38f47a0b54d1370c59b0fcdb324ccc9ca002b0998f7c4c999e"
url = "https://github.com/cli/cli/releases/download/v2.97.0/gh_2.97.0_macOS_arm64.zip"
url_api = "https://api.github.com/repos/cli/cli/releases/assets/496108298"
provenance = "github-attestations"

[tools.gh."platforms.macos-x64"]
checksum = "sha256:63298c998cc2a924c9e254c6af6a1caad6ece281122687a91f079bc0a462700e"
url = "https://github.com/cli/cli/releases/download/v2.97.0/gh_2.97.0_macOS_amd64.zip"
url_api = "https://api.github.com/repos/cli/cli/releases/assets/496108300"
provenance = "github-attestations"

[tools.gh."platforms.windows-x64"]
checksum = "sha256:35d7fe05c4dd1411ffda1e73dfc7c6f44b75c936ca51fa6595c657fdc0350cec"
url = "https://github.com/cli/cli/releases/download/v2.97.0/gh_2.97.0_windows_amd64.zip"
url_api = "https://api.github.com/repos/cli/cli/releases/assets/496108319"
provenance = "github-attestations"

[[tools.helm]]
version = "4.2.3"
backend = "aqua:helm/helm"

[tools.helm."platforms.linux-arm64"]
checksum = "sha256:21abd9354d39b2cd79a8d76be6912cd137a983cbf997193503fb8a6a6e2f2785"
url = "https://get.helm.sh/helm-v4.2.3-linux-arm64.tar.gz"

[tools.helm."platforms.linux-arm64-musl"]
checksum = "sha256:21abd9354d39b2cd79a8d76be6912cd137a983cbf997193503fb8a6a6e2f2785"
url = "https://get.helm.sh/helm-v4.2.3-linux-arm64.tar.gz"

[tools.helm."platforms.linux-x64"]
checksum = "sha256:e9b88b4ee95b18c706839c28d3a0220e5bc470e9cd9262410c90793c45ff8b7c"
url = "https://get.helm.sh/helm-v4.2.3-linux-amd64.tar.gz"

[tools.helm."platforms.linux-x64-musl"]
checksum = "sha256:e9b88b4ee95b18c706839c28d3a0220e5bc470e9cd9262410c90793c45ff8b7c"
url = "https://get.helm.sh/helm-v4.2.3-linux-amd64.tar.gz"

[tools.helm."platforms.macos-arm64"]
checksum = "sha256:048ecf5ad3160f83d918f9fe945238d2132b079640f7b106175331c25f242c64"
url = "https://get.helm.sh/helm-v4.2.3-darwin-arm64.tar.gz"

[tools.helm."platforms.macos-x64"]
checksum = "sha256:ff3ac86755a45f3422473bc1200776aac0fe04c5766abe6ca66699f7b564b23b"
url = "https://get.helm.sh/helm-v4.2.3-darwin-amd64.tar.gz"

[tools.helm."platforms.windows-x64"]
checksum = "sha256:02c6137bb5f050479193afad5a28804e9edc3beeab7e7b53a6e1499c9ba387ef"
url = "https://get.helm.sh/helm-v4.2.3-windows-amd64.tar.gz"

[[tools.k0sctl]]
version = "0.32.2"
backend = "aqua:k0sproject/k0sctl"

[tools.k0sctl."platforms.linux-arm64"]
checksum = "sha256:b8de441f03ba8b53dee590d675caba1c0508ba05c53d2c77a841d31959a12ca7"
url = "https://github.com/k0sproject/k0sctl/releases/download/v0.32.2/k0sctl-linux-arm64"
url_api = "https://api.github.com/repos/k0sproject/k0sctl/releases/assets/493325108"

[tools.k0sctl."platforms.linux-arm64-musl"]
checksum = "sha256:b8de441f03ba8b53dee590d675caba1c0508ba05c53d2c77a841d31959a12ca7"
url = "https://github.com/k0sproject/k0sctl/releases/download/v0.32.2/k0sctl-linux-arm64"
url_api = "https://api.github.com/repos/k0sproject/k0sctl/releases/assets/493325108"

[tools.k0sctl."platforms.linux-x64"]
checksum = "sha256:cb40948151451c68dfca16de000cf990ee112fb2ffb4f6a5d103e665cbb43d5e"
url = "https://github.com/k0sproject/k0sctl/releases/download/v0.32.2/k0sctl-linux-amd64"
url_api = "https://api.github.com/repos/k0sproject/k0sctl/releases/assets/493325112"

[tools.k0sctl."platforms.linux-x64-musl"]
checksum = "sha256:cb40948151451c68dfca16de000cf990ee112fb2ffb4f6a5d103e665cbb43d5e"
url = "https://github.com/k0sproject/k0sctl/releases/download/v0.32.2/k0sctl-linux-amd64"
url_api = "https://api.github.com/repos/k0sproject/k0sctl/releases/assets/493325112"

[tools.k0sctl."platforms.macos-arm64"]
checksum = "sha256:cee6db821bd255e67052e00fd054ed89e1a2421a05326686ed576210caf1ffdd"
url = "https://github.com/k0sproject/k0sctl/releases/download/v0.32.2/k0sctl-darwin-arm64"
url_api = "https://api.github.com/repos/k0sproject/k0sctl/releases/assets/493325110"

[tools.k0sctl."platforms.macos-x64"]
checksum = "sha256:1124a07e18831bcc6df442593dde15f3c2a149060a42c05001ba59c58120a2c9"
url = "https://github.com/k0sproject/k0sctl/releases/download/v0.32.2/k0sctl-darwin-amd64"
url_api = "https://api.github.com/repos/k0sproject/k0sctl/releases/assets/493325111"

[tools.k0sctl."platforms.windows-x64"]
checksum = "sha256:3d06cca961ba0bd2571836a19f6a67a9c2b44fe0d5684944028393265562b467"
url = "https://github.com/k0sproject/k0sctl/releases/download/v0.32.2/k0sctl-win-amd64.exe"
url_api = "https://api.github.com/repos/k0sproject/k0sctl/releases/assets/493325107"

[[tools.kubectl]]
version = "1.36.3"
backend = "aqua:kubernetes/kubernetes/kubectl"

[tools.kubectl."platforms.linux-arm64"]
checksum = "sha256:3d86f24401c41ae5a46ac50eef8865fe891d3647d324a0836f6c63757a126e62"
url = "https://dl.k8s.io/v1.36.3/bin/linux/arm64/kubectl"

[tools.kubectl."platforms.linux-arm64-musl"]
checksum = "sha256:3d86f24401c41ae5a46ac50eef8865fe891d3647d324a0836f6c63757a126e62"
url = "https://dl.k8s.io/v1.36.3/bin/linux/arm64/kubectl"

[tools.kubectl."platforms.linux-x64"]
checksum = "sha256:ebbd080e7c2e275093b55915722043257eb24004363e20acb3c4d71919f88336"
url = "https://dl.k8s.io/v1.36.3/bin/linux/amd64/kubectl"

[tools.kubectl."platforms.linux-x64-musl"]
checksum = "sha256:ebbd080e7c2e275093b55915722043257eb24004363e20acb3c4d71919f88336"
url = "https://dl.k8s.io/v1.36.3/bin/linux/amd64/kubectl"

[tools.kubectl."platforms.macos-arm64"]
checksum = "sha256:fc8582acde13869a606730a79379d6515f30c68afcced0b5ac8789d5d002b7d6"
url = "https://dl.k8s.io/v1.36.3/bin/darwin/arm64/kubectl"

[tools.kubectl."platforms.macos-x64"]
checksum = "sha256:158b3b46cf74e8b6bd9b1d7cd30f665e3efb2bc1ec3c843ec925bcfdd2930de0"
url = "https://dl.k8s.io/v1.36.3/bin/darwin/amd64/kubectl"

[tools.kubectl."platforms.windows-x64"]
checksum = "sha256:ba76657b79d0ebcc3c029c171fc83c96351ba5ce0e71d185f1e5b8b873360a5f"
url = "https://dl.k8s.io/v1.36.3/bin/windows/amd64/kubectl.exe"

[[tools."pipx:ansible"]]
version = "14.2.0"
backend = "pipx:ansible"

[tools."pipx:ansible".options]
uvx_args = "--with-executables-from ansible-core,ansible-lint"

[[tools.python]]
version = "3.14.6"
backend = "core:python"

[tools.python."platforms.linux-arm64"]
checksum = "sha256:44f86d58f3bbc1aa6c95ee90f03226e0fdbd22475a98c4410e5a20042b7f40d3"
url = "https://github.com/astral-sh/python-build-standalone/releases/download/20260728/cpython-3.14.6+20260728-aarch64-unknown-linux-gnu-install_only_stripped.tar.gz"
provenance = "github-attestations"

[tools.python."platforms.linux-arm64-musl"]
checksum = "sha256:a5795f2142de95396204f7a43ec7f830cf384ca479a67f6fae820407c432711e"
url = "https://github.com/astral-sh/python-build-standalone/releases/download/20260728/cpython-3.14.6+20260728-aarch64-unknown-linux-musl-install_only_stripped.tar.gz"
provenance = "github-attestations"

[tools.python."platforms.linux-x64"]
checksum = "sha256:d6254462d5fe066810a472d286861f6a18f66400008bfa9688e202a5672e88cb"
url = "https://github.com/astral-sh/python-build-standalone/releases/download/20260728/cpython-3.14.6+20260728-x86_64-unknown-linux-gnu-install_only_stripped.tar.gz"
provenance = "github-attestations"

[tools.python."platforms.linux-x64-musl"]
checksum = "sha256:9d5d3101158b5cb692e8468967a344ae5187c90bd7f3608f71e2708accc3be68"
url = "https://github.com/astral-sh/python-build-standalone/releases/download/20260728/cpython-3.14.6+20260728-x86_64-unknown-linux-musl-install_only_stripped.tar.gz"
provenance = "github-attestations"

[tools.python."platforms.macos-arm64"]
checksum = "sha256:f4b47659e2da4b97f38cefdf5ad19f0042946099d843cde60de308708e5b1ac5"
url = "https://github.com/astral-sh/python-build-standalone/releases/download/20260728/cpython-3.14.6+20260728-aarch64-apple-darwin-install_only_stripped.tar.gz"
provenance = "github-attestations"

[tools.python."platforms.macos-x64"]
checksum = "sha256:00a22363402a1a15d4fb1327c8259a91118258d5463d10a97d3e56c1f18195f6"
url = "https://github.com/astral-sh/python-build-standalone/releases/download/20260728/cpython-3.14.6+20260728-x86_64-apple-darwin-install_only_stripped.tar.gz"
provenance = "github-attestations"

[tools.python."platforms.windows-x64"]
checksum = "sha256:19ab713e908d476afbf2b662f72cf6d85c5de6ed44a1b28815ecfbea37b20d54"
url = "https://github.com/astral-sh/python-build-standalone/releases/download/20260728/cpython-3.14.6+20260728-x86_64-pc-windows-msvc-install_only_stripped.tar.gz"
provenance = "github-attestations"

[[tools.uv]]
version = "0.12.0"
backend = "aqua:astral-sh/uv"

[tools.uv."platforms.linux-arm64"]
checksum = "sha256:936fbbf20188a2b1c66bce3dca3f4009a5c9cdf12bb2bbd084e71926f75d6a15"
url = "https://github.com/astral-sh/uv/releases/download/0.12.0/uv-aarch64-unknown-linux-musl.tar.gz"
url_api = "https://api.github.com/repos/astral-sh/uv/releases/assets/493071360"
provenance = "github-attestations"

[tools.uv."platforms.linux-arm64-musl"]
checksum = "sha256:936fbbf20188a2b1c66bce3dca3f4009a5c9cdf12bb2bbd084e71926f75d6a15"
url = "https://github.com/astral-sh/uv/releases/download/0.12.0/uv-aarch64-unknown-linux-musl.tar.gz"
url_api = "https://api.github.com/repos/astral-sh/uv/releases/assets/493071360"
provenance = "github-attestations"

[tools.uv."platforms.linux-x64"]
checksum = "sha256:3340a9d8cffc4d801bc1a7459ebfaf5790c79400720d9b6963d806f058526684"
url = "https://github.com/astral-sh/uv/releases/download/0.12.0/uv-x86_64-unknown-linux-musl.tar.gz"
url_api = "https://api.github.com/repos/astral-sh/uv/releases/assets/493071451"
provenance = "github-attestations"

[tools.uv."platforms.linux-x64-musl"]
checksum = "sha256:3340a9d8cffc4d801bc1a7459ebfaf5790c79400720d9b6963d806f058526684"
url = "https://github.com/astral-sh/uv/releases/download/0.12.0/uv-x86_64-unknown-linux-musl.tar.gz"
url_api = "https://api.github.com/repos/astral-sh/uv/releases/assets/493071451"
provenance = "github-attestations"

[tools.uv."platforms.macos-arm64"]
checksum = "sha256:2b9e582af54f84fa50c115427451a6c13e80f43b52f8282b8af5791077317bbf"
url = "https://github.com/astral-sh/uv/releases/download/0.12.0/uv-aarch64-apple-darwin.tar.gz"
url_api = "https://api.github.com/repos/astral-sh/uv/releases/assets/493071342"
provenance = "github-attestations"

[tools.uv."platforms.macos-x64"]
checksum = "sha256:d41593beaefc54bab7d062af0ef6ca093bfb81d001d58ebbef39e44423f9c496"
url = "https://github.com/astral-sh/uv/releases/download/0.12.0/uv-x86_64-apple-darwin.tar.gz"
url_api = "https://api.github.com/repos/astral-sh/uv/releases/assets/493071438"
provenance = "github-attestations"

[tools.uv."platforms.windows-x64"]
checksum = "sha256:68200e25de594df92387186bbfb9d9df606ec1d87efaa0ae0c7f690970e53db6"
url = "https://github.com/astral-sh/uv/releases/download/0.12.0/uv-x86_64-pc-windows-msvc.zip"
url_api = "https://api.github.com/repos/astral-sh/uv/releases/assets/493071443"
provenance = "github-attestations"
