version = 1
revision = 3
requires-python = ">=3.12"

[[package]]
name = "iximiuzlabs-playground"
version = "0.1.0"
source = { virtual = "." }
dependencies = [
    { name = "ruamel-yaml" },
]

[package.metadata]
requires-dist = [{ name = "ruamel-yaml", specifier = "==0.19.0" }]

[[package]]
name = "ruamel-yaml"
version = "0.19.0"
source = { registry = "https://pypi.org/simple" }
dependencies = [
    { name = "ruamel-yaml-clibz", marker = "platform_python_implementation == 'CPython'" },
]
sdist = { url = "https://files.pythonhosted.org/packages/0c/5d/8a1de57b5a11245c61c906d422cd1e66b6778e134a1c68823a451be5759c/ruamel_yaml-0.19.0.tar.gz", hash = "sha256:ff19233e1eb3e9301e7a3d437847713e361a80faace167639327efbe8c0e5f95", size = 142095, upload-time = "2025-12-31T16:47:31.837Z" }
wheels = [
    { url = "https://files.pythonhosted.org/packages/9b/3e/835d495068a4bb03419ce8c5464734ff6f3343df948e033cb5e5f81f7f08/ruamel_yaml-0.19.0-py3-none-any.whl", hash = "sha256:96ea8bafd9f3fdb0181ce3cc05e6ec02ce0a8788cbafa9b5a6e47c76fe26dfc6", size = 117777, upload-time = "2025-12-31T16:47:29.07Z" },
]

[[package]]
name = "ruamel-yaml-clibz"
version = "0.3.7"
source = { registry = "https://pypi.org/simple" }
sdist = { url = "https://files.pythonhosted.org/packages/cb/73/2a9857a017f8ee260c683d8155634f0e3ca57964da2c3055b02822d582cd/ruamel_yaml_clibz-0.3.7.tar.gz", hash = "sha256:2be85214793cfc787eb12380fa3226e10cd7727b24551c3067c173d66c9bedd9", size = 231233, upload-time = "2026-01-02T14:52:41.734Z" }
